// !$*UTF8*$!
{
	archiveVersion = 1;
	classes = {
	};
	objectVersion = 46;
	objects = {

/* Begin PBXBuildFile section */
		9612DAAA1936D32600D69357 /* Foundation.framework in Frameworks */ = {isa = PBXBuildFile; fileRef = 9612DAA91936D32600D69357 /* Foundation.framework */; };
		9612DAAC1936D32600D69357 /* CoreGraphics.framework in Frameworks */ = {isa = PBXBuildFile; fileRef = 9612DAAB1936D32600D69357 /* CoreGraphics.framework */; };
		9612DAAE1936D32600D69357 /* UIKit.framework in Frameworks */ = {isa = PBXBuildFile; fileRef = 9612DAAD1936D32600D69357 /* UIKit.framework */; };
		9612DAB01936D32600D69357 /* SpriteKit.framework in Frameworks */ = {isa = PBXBuildFile; fileRef = 9612DAAF1936D32600D69357 /* SpriteKit.framework */; };
		9612DAB61936D32700D69357 /* InfoPlist.strings in Resources */ = {isa = PBXBuildFile; fileRef = 9612DAB41936D32700D69357 /* InfoPlist.strings */; };
		9612DAB81936D32700D69357 /* main.m in Sources */ = {isa = PBXBuildFile; fileRef = 9612DAB71936D32700D69357 /* main.m */; };
		9612DABC1936D32700D69357 /* AppDelegate.m in Sources */ = {isa = PBXBuildFile; fileRef = 9612DABB1936D32700D69357 /* AppDelegate.m */; };
		9612DABF1936D32700D69357 /* Main.storyboard in Resources */ = {isa = PBXBuildFile; fileRef = 9612DABD1936D32700D69357 /* Main.storyboard */; };
		9612DAC21936D32700D69357 /* ViewController.m in Sources */ = {isa = PBXBuildFile; fileRef = 9612DAC11936D32700D69357 /* ViewController.m */; };
		9612DAC51936D32700D69357 /* SceneBoard.m in Sources */ = {isa = PBXBuildFile; fileRef = 9612DAC41936D32700D69357 /* SceneBoard.m */; };
		9612DAC91936D32700D69357 /* Images.xcassets in Resources */ = {isa = PBXBuildFile; fileRef = 9612DAC81936D32700D69357 /* Images.xcassets */; };
		9612DAD01936D32700D69357 /* XCTest.framework in Frameworks */ = {isa = PBXBuildFile; fileRef = 9612DACF1936D32700D69357 /* XCTest.framework */; };
		9612DAD11936D32700D69357 /* Foundation.framework in Frameworks */ = {isa = PBXBuildFile; fileRef = 9612DAA91936D32600D69357 /* Foundation.framework */; };
		9612DAD21936D32700D69357 /* UIKit.framework in Frameworks */ = {isa = PBXBuildFile; fileRef = 9612DAAD1936D32600D69357 /* UIKit.framework */; };
		9612DADA1936D32700D69357 /* InfoPlist.strings in Resources */ = {isa = PBXBuildFile; fileRef = 9612DAD81936D32700D69357 /* InfoPlist.strings */; };
		9612DADC1936D32700D69357 /* asimplechessgameTests.m in Sources */ = {isa = PBXBuildFile; fileRef = 9612DADB1936D32700D69357 /* asimplechessgameTests.m */; };
		963061CD1960C81100C3CD0C /* Apptimize.framework in Frameworks */ = {isa = PBXBuildFile; fileRef = 963061CC1960C81100C3CD0C /* Apptimize.framework */; };
		963061CF1960C83D00C3CD0C /* Security.framework in Frameworks */ = {isa = PBXBuildFile; fileRef = 963061CE1960C83D00C3CD0C /* Security.framework */; };
		963061D11960C84F00C3CD0C /* CFNetwork.framework in Frameworks */ = {isa = PBXBuildFile; fileRef = 963061D01960C84F00C3CD0C /* CFNetwork.framework */; };
		96C1BBFE1969E64200AF40A8 /* chess.atlas in Resources */ = {isa = PBXBuildFile; fileRef = 96C1BBFD1969E64200AF40A8 /* chess.atlas */; };
		96CB22B4196D9BA500FC773D /* PokemonGB.ttf in Resources */ = {isa = PBXBuildFile; fileRef = 96CB22B3196D9BA500FC773D /* PokemonGB.ttf */; };
		96CB22B9196DC3F800FC773D /* ChessPiecesTest.m in Sources */ = {isa = PBXBuildFile; fileRef = 96CB22B8196DC3F800FC773D /* ChessPiecesTest.m */; };
		96CB22BC196DC55A00FC773D /* ChessPiece.m in Sources */ = {isa = PBXBuildFile; fileRef = 96CB22BB196DC55A00FC773D /* ChessPiece.m */; };
		96CB22C0196EFACD00FC773D /* ChessBoard.m in Sources */ = {isa = PBXBuildFile; fileRef = 96CB22BF196EFACD00FC773D /* ChessBoard.m */; };
		96CB22C4196F20ED00FC773D /* ChessBoardTest.m in Sources */ = {isa = PBXBuildFile; fileRef = 96CB22C3196F20ED00FC773D /* ChessBoardTest.m */; };
		96CB22C7196F22EF00FC773D /* aSimpleChessGame.m in Sources */ = {isa = PBXBuildFile; fileRef = 96CB22C6196F22EF00FC773D /* aSimpleChessGame.m */; };
/* End PBXBuildFile section */

/* Begin PBXContainerItemProxy section */
		9612DAD31936D32700D69357 /* PBXContainerItemProxy */ = {
			isa = PBXContainerItemProxy;
			containerPortal = 9612DA9E1936D32600D69357 /* Project object */;
			proxyType = 1;
			remoteGlobalIDString = 9612DAA51936D32600D69357;
			remoteInfo = asimplechessgame;
		};
/* End PBXContainerItemProxy section */

/* Begin PBXFileReference section */
		9612DAA61936D32600D69357 /* asimplechessgame.app */ = {isa = PBXFileReference; explicitFileType = wrapper.application; includeInIndex = 0; path = asimplechessgame.app; sourceTree = BUILT_PRODUCTS_DIR; };
		9612DAA91936D32600D69357 /* Foundation.framework */ = {isa = PBXFileReference; lastKnownFileType = wrapper.framework; name = Foundation.framework; path = System/Library/Frameworks/Foundation.framework; sourceTree = SDKROOT; };
		9612DAAB1936D32600D69357 /* CoreGraphics.framework */ = {isa = PBXFileReference; lastKnownFileType = wrapper.framework; name = CoreGraphics.framework; path = System/Library/Frameworks/CoreGraphics.framework; sourceTree = SDKROOT; };
		9612DAAD1936D32600D69357 /* UIKit.framework */ = {isa = PBXFileReference; lastKnownFileType = wrapper.framework; name = UIKit.framework; path = System/Library/Frameworks/UIKit.framework; sourceTree = SDKROOT; };
		9612DAAF1936D32600D69357 /* SpriteKit.framework */ = {isa = PBXFileReference; lastKnownFileType = wrapper.framework; name = SpriteKit.framework; path = System/Library/Frameworks/SpriteKit.framework; sourceTree = SDKROOT; };
		9612DAB31936D32700D69357 /* asimplechessgame-Info.plist */ = {isa = PBXFileReference; lastKnownFileType = text.plist.xml; path = "asimplechessgame-Info.plist"; sourceTree = "<group>"; };
		9612DAB51936D32700D69357 /* en */ = {isa = PBXFileReference; lastKnownFileType = text.plist.strings; name = en; path = en.lproj/InfoPlist.strings; sourceTree = "<group>"; };
		9612DAB71936D32700D69357 /* main.m */ = {isa = PBXFileReference; lastKnownFileType = sourcecode.c.objc; path = main.m; sourceTree = "<group>"; };
		9612DAB91936D32700D69357 /* asimplechessgame-Prefix.pch */ = {isa = PBXFileReference; lastKnownFileType = sourcecode.c.h; path = "asimplechessgame-Prefix.pch"; sourceTree = "<group>"; };
		9612DABA1936D32700D69357 /* AppDelegate.h */ = {isa = PBXFileReference; lastKnownFileType = sourcecode.c.h; path = AppDelegate.h; sourceTree = "<group>"; };
		9612DABB1936D32700D69357 /* AppDelegate.m */ = {isa = PBXFileReference; lastKnownFileType = sourcecode.c.objc; path = AppDelegate.m; sourceTree = "<group>"; };
		9612DABE1936D32700D69357 /* Base */ = {isa = PBXFileReference; lastKnownFileType = file.storyboard; name = Base; path = Base.lproj/Main.storyboard; sourceTree = "<group>"; };
		9612DAC01936D32700D69357 /* ViewController.h */ = {isa = PBXFileReference; lastKnownFileType = sourcecode.c.h; path = ViewController.h; sourceTree = "<group>"; };
		9612DAC11936D32700D69357 /* ViewController.m */ = {isa = PBXFileReference; lastKnownFileType = sourcecode.c.objc; path = ViewController.m; sourceTree = "<group>"; };
		9612DAC31936D32700D69357 /* SceneBoard.h */ = {isa = PBXFileReference; lastKnownFileType = sourcecode.c.h; path = SceneBoard.h; sourceTree = "<group>"; };
		9612DAC41936D32700D69357 /* SceneBoard.m */ = {isa = PBXFileReference; lastKnownFileType = sourcecode.c.objc; path = SceneBoard.m; sourceTree = "<group>"; };
		9612DAC81936D32700D69357 /* Images.xcassets */ = {isa = PBXFileReference; lastKnownFileType = folder.assetcatalog; path = Images.xcassets; sourceTree = "<group>"; };
		9612DACE1936D32700D69357 /* asimplechessgameTests.xctest */ = {isa = PBXFileReference; explicitFileType = wrapper.cfbundle; includeInIndex = 0; path = asimplechessgameTests.xctest; sourceTree = BUILT_PRODUCTS_DIR; };
		9612DACF1936D32700D69357 /* XCTest.framework */ = {isa = PBXFileReference; lastKnownFileType = wrapper.framework; name = XCTest.framework; path = Library/Frameworks/XCTest.framework; sourceTree = DEVELOPER_DIR; };
		9612DAD71936D32700D69357 /* asimplechessgameTests-Info.plist */ = {isa = PBXFileReference; lastKnownFileType = text.plist.xml; path = "asimplechessgameTests-Info.plist"; sourceTree = "<group>"; };
		9612DAD91936D32700D69357 /* en */ = {isa = PBXFileReference; lastKnownFileType = text.plist.strings; name = en; path = en.lproj/InfoPlist.strings; sourceTree = "<group>"; };
		9612DADB1936D32700D69357 /* asimplechessgameTests.m */ = {isa = PBXFileReference; lastKnownFileType = sourcecode.c.objc; path = asimplechessgameTests.m; sourceTree = "<group>"; };
		963061CC1960C81100C3CD0C /* Apptimize.framework */ = {isa = PBXFileReference; lastKnownFileType = wrapper.framework; path = Apptimize.framework; sourceTree = "<group>"; };
		963061CE1960C83D00C3CD0C /* Security.framework */ = {isa = PBXFileReference; lastKnownFileType = wrapper.framework; name = Security.framework; path = System/Library/Frameworks/Security.framework; sourceTree = SDKROOT; };
		963061D01960C84F00C3CD0C /* CFNetwork.framework */ = {isa = PBXFileReference; lastKnownFileType = wrapper.framework; name = CFNetwork.framework; path = System/Library/Frameworks/CFNetwork.framework; sourceTree = SDKROOT; };
		96C1BBFD1969E64200AF40A8 /* chess.atlas */ = {isa = PBXFileReference; lastKnownFileType = folder.skatlas; path = chess.atlas; sourceTree = "<group>"; };
		96CB22B3196D9BA500FC773D /* PokemonGB.ttf */ = {isa = PBXFileReference; lastKnownFileType = file; path = PokemonGB.ttf; sourceTree = "<group>"; };
		96CB22B8196DC3F800FC773D /* ChessPiecesTest.m */ = {isa = PBXFileReference; fileEncoding = 4; lastKnownFileType = sourcecode.c.objc; path = ChessPiecesTest.m; sourceTree = "<group>"; };
		96CB22BA196DC55A00FC773D /* ChessPiece.h */ = {isa = PBXFileReference; fileEncoding = 4; lastKnownFileType = sourcecode.c.h; name = ChessPiece.h; path = asimplechessgame/Class/ChessPiece.h; sourceTree = "<group>"; };
		96CB22BB196DC55A00FC773D /* ChessPiece.m */ = {isa = PBXFileReference; fileEncoding = 4; lastKnownFileType = sourcecode.c.objc; name = ChessPiece.m; path = asimplechessgame/Class/ChessPiece.m; sourceTree = "<group>"; };
		96CB22BE196EFACD00FC773D /* ChessBoard.h */ = {isa = PBXFileReference; fileEncoding = 4; lastKnownFileType = sourcecode.c.h; name = ChessBoard.h; path = asimplechessgame/Class/ChessBoard.h; sourceTree = "<group>"; };
		96CB22BF196EFACD00FC773D /* ChessBoard.m */ = {isa = PBXFileReference; fileEncoding = 4; lastKnownFileType = sourcecode.c.objc; name = ChessBoard.m; path = asimplechessgame/Class/ChessBoard.m; sourceTree = "<group>"; };
		96CB22C3196F20ED00FC773D /* ChessBoardTest.m */ = {isa = PBXFileReference; fileEncoding = 4; lastKnownFileType = sourcecode.c.objc; path = ChessBoardTest.m; sourceTree = "<group>"; };
		96CB22C5196F22EF00FC773D /* aSimpleChessGame.h */ = {isa = PBXFileReference; fileEncoding = 4; lastKnownFileType = sourcecode.c.h; name = aSimpleChessGame.h; path = asimplechessgame/Class/aSimpleChessGame.h; sourceTree = "<group>"; };
		96CB22C6196F22EF00FC773D /* aSimpleChessGame.m */ = {isa = PBXFileReference; fileEncoding = 4; lastKnownFileType = sourcecode.c.objc; name = aSimpleChessGame.m; path = asimplechessgame/Class/aSimpleChessGame.m; sourceTree = "<group>"; };
/* End PBXFileReference section */

/* Begin PBXFrameworksBuildPhase section */
		9612DAA31936D32600D69357 /* Frameworks */ = {
			isa = PBXFrameworksBuildPhase;
			buildActionMask = 2147483647;
			files = (
				963061D11960C84F00C3CD0C /* CFNetwork.framework in Frameworks */,
				963061CF1960C83D00C3CD0C /* Security.framework in Frameworks */,
				963061CD1960C81100C3CD0C /* Apptimize.framework in Frameworks */,
				9612DAAC1936D32600D69357 /* CoreGraphics.framework in Frameworks */,
				9612DAAE1936D32600D69357 /* UIKit.framework in Frameworks */,
				9612DAB01936D32600D69357 /* SpriteKit.framework in Frameworks */,
				9612DAAA1936D32600D69357 /* Foundation.framework in Frameworks */,
			);
			runOnlyForDeploymentPostprocessing = 0;
		};
		9612DACB1936D32700D69357 /* Frameworks */ = {
			isa = PBXFrameworksBuildPhase;
			buildActionMask = 2147483647;
			files = (
				9612DAD01936D32700D69357 /* XCTest.framework in Frameworks */,
				9612DAD21936D32700D69357 /* UIKit.framework in Frameworks */,
				9612DAD11936D32700D69357 /* Foundation.framework in Frameworks */,
			);
			runOnlyForDeploymentPostprocessing = 0;
		};
/* End PBXFrameworksBuildPhase section */

/* Begin PBXGroup section */
		9612DA9D1936D32600D69357 = {
			isa = PBXGroup;
			children = (
				9612DAB11936D32700D69357 /* asimplechessgame */,
				9612DAD51936D32700D69357 /* asimplechessgameTests */,
				96CB22BD196DC56400FC773D /* CustomClasses */,
				9612DAA81936D32600D69357 /* Frameworks */,
				9612DAA71936D32600D69357 /* Products */,
				96C1BBF619699C8D00AF40A8 /* Resource */,
			);
			sourceTree = "<group>";
		};
		9612DAA71936D32600D69357 /* Products */ = {
			isa = PBXGroup;
			children = (
				9612DAA61936D32600D69357 /* asimplechessgame.app */,
				9612DACE1936D32700D69357 /* asimplechessgameTests.xctest */,
			);
			name = Products;
			sourceTree = "<group>";
		};
		9612DAA81936D32600D69357 /* Frameworks */ = {
			isa = PBXGroup;
			children = (
				963061D01960C84F00C3CD0C /* CFNetwork.framework */,
				963061CE1960C83D00C3CD0C /* Security.framework */,
				963061CC1960C81100C3CD0C /* Apptimize.framework */,
				9612DAA91936D32600D69357 /* Foundation.framework */,
				9612DAAB1936D32600D69357 /* CoreGraphics.framework */,
				9612DAAD1936D32600D69357 /* UIKit.framework */,
				9612DAAF1936D32600D69357 /* SpriteKit.framework */,
				9612DACF1936D32700D69357 /* XCTest.framework */,
			);
			name = Frameworks;
			sourceTree = "<group>";
		};
		9612DAB11936D32700D69357 /* asimplechessgame */ = {
			isa = PBXGroup;
			children = (
				9612DABA1936D32700D69357 /* AppDelegate.h */,
				9612DABB1936D32700D69357 /* AppDelegate.m */,
				9612DABD1936D32700D69357 /* Main.storyboard */,
				9612DAC01936D32700D69357 /* ViewController.h */,
				9612DAC11936D32700D69357 /* ViewController.m */,
				9612DAC31936D32700D69357 /* SceneBoard.h */,
				9612DAC41936D32700D69357 /* SceneBoard.m */,
				9612DAC81936D32700D69357 /* Images.xcassets */,
				9612DAB21936D32700D69357 /* Supporting Files */,
			);
			path = asimplechessgame;
			sourceTree = "<group>";
		};
		9612DAB21936D32700D69357 /* Supporting Files */ = {
			isa = PBXGroup;
			children = (
				9612DAB31936D32700D69357 /* asimplechessgame-Info.plist */,
				9612DAB41936D32700D69357 /* InfoPlist.strings */,
				9612DAB71936D32700D69357 /* main.m */,
				9612DAB91936D32700D69357 /* asimplechessgame-Prefix.pch */,
			);
			name = "Supporting Files";
			sourceTree = "<group>";
		};
		9612DAD51936D32700D69357 /* asimplechessgameTests */ = {
			isa = PBXGroup;
			children = (
				9612DADB1936D32700D69357 /* asimplechessgameTests.m */,
				96CB22C3196F20ED00FC773D /* ChessBoardTest.m */,
				96CB22B8196DC3F800FC773D /* ChessPiecesTest.m */,
				9612DAD61936D32700D69357 /* Supporting Files */,
			);
			path = asimplechessgameTests;
			sourceTree = "<group>";
		};
		9612DAD61936D32700D69357 /* Supporting Files */ = {
			isa = PBXGroup;
			children = (
				9612DAD71936D32700D69357 /* asimplechessgameTests-Info.plist */,
				9612DAD81936D32700D69357 /* InfoPlist.strings */,
			);
			name = "Supporting Files";
			sourceTree = "<group>";
		};
		96C1BBF619699C8D00AF40A8 /* Resource */ = {
			isa = PBXGroup;
			children = (
				96CB22B3196D9BA500FC773D /* PokemonGB.ttf */,
				96C1BBFD1969E64200AF40A8 /* chess.atlas */,
			);
			name = Resource;
			sourceTree = "<group>";
		};
		96CB22BD196DC56400FC773D /* CustomClasses */ = {
			isa = PBXGroup;
			children = (
				96CB22C5196F22EF00FC773D /* aSimpleChessGame.h */,
				96CB22C6196F22EF00FC773D /* aSimpleChessGame.m */,
				96CB22BE196EFACD00FC773D /* ChessBoard.h */,
				96CB22BF196EFACD00FC773D /* ChessBoard.m */,
				96CB22BA196DC55A00FC773D /* ChessPiece.h */,
				96CB22BB196DC55A00FC773D /* ChessPiece.m */,
			);
			name = CustomClasses;
			sourceTree = "<group>";
		};
/* End PBXGroup section */

/* Begin PBXNativeTarget section */
		9612DAA51936D32600D69357 /* asimplechessgame */ = {
			isa = PBXNativeTarget;
			buildConfigurationList = 9612DADF1936D32700D69357 /* Build configuration list for PBXNativeTarget "asimplechessgame" */;
			buildPhases = (
				9612DAA21936D32600D69357 /* Sources */,
				9612DAA31936D32600D69357 /* Frameworks */,
				9612DAA41936D32600D69357 /* Resources */,
			);
			buildRules = (
			);
			dependencies = (
			);
			name = asimplechessgame;
			productName = asimplechessgame;
			productReference = 9612DAA61936D32600D69357 /* asimplechessgame.app */;
			productType = "com.apple.product-type.application";
		};
		9612DACD1936D32700D69357 /* asimplechessgameTests */ = {
			isa = PBXNativeTarget;
			buildConfigurationList = 9612DAE21936D32700D69357 /* Build configuration list for PBXNativeTarget "asimplechessgameTests" */;
			buildPhases = (
				9612DACA1936D32700D69357 /* Sources */,
				9612DACB1936D32700D69357 /* Frameworks */,
				9612DACC1936D32700D69357 /* Resources */,
			);
			buildRules = (
			);
			dependencies = (
				9612DAD41936D32700D69357 /* PBXTargetDependency */,
			);
			name = asimplechessgameTests;
			productName = asimplechessgameTests;
			productReference = 9612DACE1936D32700D69357 /* asimplechessgameTests.xctest */;
			productType = "com.apple.product-type.bundle.unit-test";
		};
/* End PBXNativeTarget section */

/* Begin PBXProject section */
		9612DA9E1936D32600D69357 /* Project object */ = {
			isa = PBXProject;
			attributes = {
				LastUpgradeCheck = 0510;
				ORGANIZATIONNAME = "Jason Stathopulos";
				TargetAttributes = {
					9612DACD1936D32700D69357 = {
						TestTargetID = 9612DAA51936D32600D69357;
					};
				};
			};
			buildConfigurationList = 9612DAA11936D32600D69357 /* Build configuration list for PBXProject "asimplechessgame" */;
			compatibilityVersion = "Xcode 3.2";
			developmentRegion = English;
			hasScannedForEncodings = 0;
			knownRegions = (
				en,
				Base,
			);
			mainGroup = 9612DA9D1936D32600D69357;
			productRefGroup = 9612DAA71936D32600D69357 /* Products */;
			projectDirPath = "";
			projectRoot = "";
			targets = (
				9612DAA51936D32600D69357 /* asimplechessgame */,
				9612DACD1936D32700D69357 /* asimplechessgameTests */,
			);
		};
/* End PBXProject section */

/* Begin PBXResourcesBuildPhase section */
		9612DAA41936D32600D69357 /* Resources */ = {
			isa = PBXResourcesBuildPhase;
			buildActionMask = 2147483647;
			files = (
				96CB22B4196D9BA500FC773D /* PokemonGB.ttf in Resources */,
				9612DAB61936D32700D69357 /* InfoPlist.strings in Resources */,
				9612DAC91936D32700D69357 /* Images.xcassets in Resources */,
				9612DABF1936D32700D69357 /* Main.storyboard in Resources */,
				96C1BBFE1969E64200AF40A8 /* chess.atlas in Resources */,
			);
			runOnlyForDeploymentPostprocessing = 0;
		};
		9612DACC1936D32700D69357 /* Resources */ = {
			isa = PBXResourcesBuildPhase;
			buildActionMask = 2147483647;
			files = (
				9612DADA1936D32700D69357 /* InfoPlist.strings in Resources */,
			);
			runOnlyForDeploymentPostprocessing = 0;
		};
/* End PBXResourcesBuildPhase section */

/* Begin PBXSourcesBuildPhase section */
		9612DAA21936D32600D69357 /* Sources */ = {
			isa = PBXSourcesBuildPhase;
			buildActionMask = 2147483647;
			files = (
				96CB22C7196F22EF00FC773D /* aSimpleChessGame.m in Sources */,
				96CB22C0196EFACD00FC773D /* ChessBoard.m in Sources */,
				9612DAC51936D32700D69357 /* SceneBoard.m in Sources */,
				9612DAC21936D32700D69357 /* ViewController.m in Sources */,
				96CB22BC196DC55A00FC773D /* ChessPiece.m in Sources */,
				9612DABC1936D32700D69357 /* AppDelegate.m in Sources */,
				9612DAB81936D32700D69357 /* main.m in Sources */,
			);
			runOnlyForDeploymentPostprocessing = 0;
		};
		9612DACA1936D32700D69357 /* Sources */ = {
			isa = PBXSourcesBuildPhase;
			buildActionMask = 2147483647;
			files = (
				96CB22C4196F20ED00FC773D /* ChessBoardTest.m in Sources */,
				9612DADC1936D32700D69357 /* asimplechessgameTests.m in Sources */,
				96CB22B9196DC3F800FC773D /* ChessPiecesTest.m in Sources */,
			);
			runOnlyForDeploymentPostprocessing = 0;
		};
/* End PBXSourcesBuildPhase section */

/* Begin PBXTargetDependency section */
		9612DAD41936D32700D69357 /* PBXTargetDependency */ = {
			isa = PBXTargetDependency;
			target = 9612DAA51936D32600D69357 /* asimplechessgame */;
			targetProxy = 9612DAD31936D32700D69357 /* PBXContainerItemProxy */;
		};
/* End PBXTargetDependency section */

/* Begin PBXVariantGroup section */
		9612DAB41936D32700D69357 /* InfoPlist.strings */ = {
			isa = PBXVariantGroup;
			children = (
				9612DAB51936D32700D69357 /* en */,
			);
			name = InfoPlist.strings;
			sourceTree = "<group>";
		};
		9612DABD1936D32700D69357 /* Main.storyboard */ = {
			isa = PBXVariantGroup;
			children = (
				9612DABE1936D32700D69357 /* Base */,
			);
			name = Main.storyboard;
			sourceTree = "<group>";
		};
		9612DAD81936D32700D69357 /* InfoPlist.strings */ = {
			isa = PBXVariantGroup;
			children = (
				9612DAD91936D32700D69357 /* en */,
			);
			name = InfoPlist.strings;
			sourceTree = "<group>";
		};
/* End PBXVariantGroup section */

/* Begin XCBuildConfiguration section */
		9612DADD1936D32700D69357 /* Debug */ = {
			isa = XCBuildConfiguration;
			buildSettings = {
				ALWAYS_SEARCH_USER_PATHS = NO;
				CLANG_CXX_LANGUAGE_STANDARD = "gnu++0x";
				CLANG_CXX_LIBRARY = "libc++";
				CLANG_ENABLE_MODULES = YES;
				CLANG_ENABLE_OBJC_ARC = YES;
				CLANG_WARN_BOOL_CONVERSION = YES;
				CLANG_WARN_CONSTANT_CONVERSION = YES;
				CLANG_WARN_DIRECT_OBJC_ISA_USAGE = YES_ERROR;
				CLANG_WARN_EMPTY_BODY = YES;
				CLANG_WARN_ENUM_CONVERSION = YES;
				CLANG_WARN_INT_CONVERSION = YES;
				CLANG_WARN_OBJC_ROOT_CLASS = YES_ERROR;
				CLANG_WARN__DUPLICATE_METHOD_MATCH = YES;
				"CODE_SIGN_IDENTITY[sdk=iphoneos*]" = "iPhone Developer";
				COPY_PHASE_STRIP = NO;
				GCC_C_LANGUAGE_STANDARD = gnu99;
				GCC_DYNAMIC_NO_PIC = NO;
				GCC_OPTIMIZATION_LEVEL = 0;
				GCC_PREPROCESSOR_DEFINITIONS = (
					"DEBUG=1",
					"$(inherited)",
				);
				GCC_SYMBOLS_PRIVATE_EXTERN = NO;
				GCC_WARN_64_TO_32_BIT_CONVERSION = YES;
				GCC_WARN_ABOUT_RETURN_TYPE = YES_ERROR;
				GCC_WARN_UNDECLARED_SELECTOR = YES;
				GCC_WARN_UNINITIALIZED_AUTOS = YES_AGGRESSIVE;
				GCC_WARN_UNUSED_FUNCTION = YES;
				GCC_WARN_UNUSED_VARIABLE = YES;
				IPHONEOS_DEPLOYMENT_TARGET = 7.1;
				ONLY_ACTIVE_ARCH = YES;
				SDKROOT = iphoneos;
			};
			name = Debug;
		};
		9612DADE1936D32700D69357 /* Release */ = {
			isa = XCBuildConfiguration;
			buildSettings = {
				ALWAYS_SEARCH_USER_PATHS = NO;
				CLANG_CXX_LANGUAGE_STANDARD = "gnu++0x";
				CLANG_CXX_LIBRARY = "libc++";
				CLANG_ENABLE_MODULES = YES;
				CLANG_ENABLE_OBJC_ARC = YES;
				CLANG_WARN_BOOL_CONVERSION = YES;
				CLANG_WARN_CONSTANT_CONVERSION = YES;
				CLANG_WARN_DIRECT_OBJC_ISA_USAGE = YES_ERROR;
				CLANG_WARN_EMPTY_BODY = YES;
				CLANG_WARN_ENUM_CONVERSION = YES;
				CLANG_WARN_INT_CONVERSION = YES;
				CLANG_WARN_OBJC_ROOT_CLASS = YES_ERROR;
				CLANG_WARN__DUPLICATE_METHOD_MATCH = YES;
				"CODE_SIGN_IDENTITY[sdk=iphoneos*]" = "iPhone Developer";
				COPY_PHASE_STRIP = YES;
				ENABLE_NS_ASSERTIONS = NO;
				GCC_C_LANGUAGE_STANDARD = gnu99;
				GCC_WARN_64_TO_32_BIT_CONVERSION = YES;
				GCC_WARN_ABOUT_RETURN_TYPE = YES_ERROR;
				GCC_WARN_UNDECLARED_SELECTOR = YES;
				GCC_WARN_UNINITIALIZED_AUTOS = YES_AGGRESSIVE;
				GCC_WARN_UNUSED_FUNCTION = YES;
				GCC_WARN_UNUSED_VARIABLE = YES;
				IPHONEOS_DEPLOYMENT_TARGET = 7.1;
				SDKROOT = iphoneos;
				VALIDATE_PRODUCT = YES;
			};
			name = Release;
		};
		9612DAE01936D32700D69357 /* Debug */ = {
			isa = XCBuildConfiguration;
			buildSettings = {
				ASSETCATALOG_COMPILER_APPICON_NAME = AppIcon;
				ASSETCATALOG_COMPILER_LAUNCHIMAGE_NAME = LaunchImage;
				FRAMEWORK_SEARCH_PATHS = (
					"$(inherited)",
					"$(PROJECT_DIR)",
				);
				GCC_PRECOMPILE_PREFIX_HEADER = YES;
				GCC_PREFIX_HEADER = "asimplechessgame/asimplechessgame-Prefix.pch";
				INFOPLIST_FILE = "asimplechessgame/asimplechessgame-Info.plist";
				OTHER_LDFLAGS = "-ObjC";
				PRODUCT_NAME = "$(TARGET_NAME)";
				SPRITEKIT_TEXTURE_ATLAS_OUTPUT = YES;
				WRAPPER_EXTENSION = app;
			};
			name = Debug;
		};
		9612DAE11936D32700D69357 /* Release */ = {
			isa = XCBuildConfiguration;
			buildSettings = {
				ASSETCATALOG_COMPILER_APPICON_NAME = AppIcon;
				ASSETCATALOG_COMPILER_LAUNCHIMAGE_NAME = LaunchImage;
				FRAMEWORK_SEARCH_PATHS = (
					"$(inherited)",
					"$(PROJECT_DIR)",
				);
				GCC_PRECOMPILE_PREFIX_HEADER = YES;
				GCC_PREFIX_HEADER = "asimplechessgame/asimplechessgame-Prefix.pch";
				INFOPLIST_FILE = "asimplechessgame/asimplechessgame-Info.plist";
				OTHER_LDFLAGS = "-ObjC";
				PRODUCT_NAME = "$(TARGET_NAME)";
				SPRITEKIT_TEXTURE_ATLAS_OUTPUT = YES;
				WRAPPER_EXTENSION = app;
			};
			name = Release;
		};
		9612DAE31936D32700D69357 /* Debug */ = {
			isa = XCBuildConfiguration;
			buildSettings = {
				BUNDLE_LOADER = "$(BUILT_PRODUCTS_DIR)/asimplechessgame.app/asimplechessgame";
				FRAMEWORK_SEARCH_PATHS = (
					"$(SDKROOT)/Developer/Library/Frameworks",
					"$(inherited)",
					"$(DEVELOPER_FRAMEWORKS_DIR)",
				);
				GCC_PRECOMPILE_PREFIX_HEADER = YES;
				GCC_PREFIX_HEADER = "asimplechessgame/asimplechessgame-Prefix.pch";
				GCC_PREPROCESSOR_DEFINITIONS = (
					"DEBUG=1",
					"$(inherited)",
				);
				INFOPLIST_FILE = "asimplechessgameTests/asimplechessgameTests-Info.plist";
				PRODUCT_NAME = "$(TARGET_NAME)";
				TEST_HOST = "$(BUNDLE_LOADER)";
				WRAPPER_EXTENSION = xctest;
			};
			name = Debug;
		};
		9612DAE41936D32700D69357 /* Release */ = {
			isa = XCBuildConfiguration;
			buildSettings = {
				BUNDLE_LOADER = "$(BUILT_PRODUCTS_DIR)/asimplechessgame.app/asimplechessgame";
				FRAMEWORK_SEARCH_PATHS = (
					"$(SDKROOT)/Developer/Library/Frameworks",
					"$(inherited)",
					"$(DEVELOPER_FRAMEWORKS_DIR)",
				);
				GCC_PRECOMPILE_PREFIX_HEADER = YES;
				GCC_PREFIX_HEADER = "asimplechessgame/asimplechessgame-Prefix.pch";
				INFOPLIST_FILE = "asimplechessgameTests/asimplechessgameTests-Info.plist";
				PRODUCT_NAME = "$(TARGET_NAME)";
				TEST_HOST = "$(BUNDLE_LOADER)";
				WRAPPER_EXTENSION = xctest;
			};
			name = Release;
		};
/* End XCBuildConfiguration section */

/* Begin XCConfigurationList section */
		9612DAA11936D32600D69357 /* Build configuration list for PBXProject "asimplechessgame" */ = {
			isa = XCConfigurationList;
			buildConfigurations = (
				9612DADD1936D32700D69357 /* Debug */,
				9612DADE1936D32700D69357 /* Release */,
			);
			defaultConfigurationIsVisible = 0;
			defaultConfigurationName = Release;
		};
		9612DADF1936D32700D69357 /* Build configuration list for PBXNativeTarget "asimplechessgame" */ = {
			isa = XCConfigurationList;
			buildConfigurations = (
				9612DAE01936D32700D69357 /* Debug */,
				9612DAE11936D32700D69357 /* Release */,
			);
			defaultConfigurationIsVisible = 0;
			defaultConfigurationName = Release;
		};
		9612DAE21936D32700D69357 /* Build configuration list for PBXNativeTarget "asimplechessgameTests" */ = {
			isa = XCConfigurationList;
			buildConfigurations = (
				9612DAE31936D32700D69357 /* Debug */,
				9612DAE41936D32700D69357 /* Release */,
			);
			defaultConfigurationIsVisible = 0;
			defaultConfigurationName = Release;
		};
/* End XCConfigurationList section */
	};
	rootObject = 9612DA9E1936D32600D69357 /* Project object */;
}
